
Microsoft Visual Studio Solution File, Format Version 12.00
# Visual Studio Version 17
VisualStudioVersion = 17.14.36717.8 d17.14
MinimumVisualStudioVersion = 10.0.40219.1
Project("{FAE04EC0-301F-11D3-BF4B-00C04F79EFBC}") = "mapainter", "mapainter\mapainter.csproj", "{29EC9108-9560-4291-8C39-1DAD2F8BE1F4}"
EndProject
Global
	GlobalSection(SolutionConfigurationPlatforms) = preSolution
		Debug|Any CPU = Debug|Any CPU
		Release|Any CPU = Release|Any CPU
	EndGlobalSection
	GlobalSection(ProjectConfigurationPlatforms) = postSolution
		{29EC9108-9560-4291-8C39-1DAD2F8BE1F4}.Debug|Any CPU.ActiveCfg = Debug|Any CPU
		{29EC9108-9560-4291-8C39-1DAD2F8BE1F4}.Debug|Any CPU.Build.0 = Debug|Any CPU
		{29EC9108-9560-4291-8C39-1DAD2F8BE1F4}.Release|Any CPU.ActiveCfg = Release|Any CPU
		{29EC9108-9560-4291-8C39-1DAD2F8BE1F4}.Release|Any CPU.Build.0 = Release|Any CPU
	EndGlobalSection
	GlobalSection(SolutionProperties) = preSolution
		HideSolutionNode = FALSE
	EndGlobalSection
	GlobalSection(ExtensibilityGlobals) = postSolution
		SolutionGuid = {CF1CA367-755A-468C-B1BB-B8541D51B50B}
	EndGlobalSection
EndGlobal
